
Microsoft Visual Studio Solution File, Format Version 11.00
# Visual Studio 2010
Project("{888888A0-9F3D-457C-B088-3A5042F75D52}") = "Theano", "Theano.pyproj", "{B67D762D-0020-4E02-9DDF-7DB4F89B1DD3}"
EndProject
Global
	GlobalSection(SolutionConfigurationPlatforms) = preSolution
		Debug|Any CPU = Debug|Any CPU
		Release|Any CPU = Release|Any CPU
	EndGlobalSection
	GlobalSection(ProjectConfigurationPlatforms) = postSolution
		{B67D762D-0020-4E02-9DDF-7DB4F89B1DD3}.Debug|Any CPU.ActiveCfg = Debug|Any CPU
		{B67D762D-0020-4E02-9DDF-7DB4F89B1DD3}.Release|Any CPU.ActiveCfg = Release|Any CPU
	EndGlobalSection
	GlobalSection(SolutionProperties) = preSolution
		HideSolutionNode = FALSE
	EndGlobalSection
EndGlobal
